
Microsoft Visual Studio Solution File, Format Version 11.00
# Visual Web Developer Express 2010
Project("{FAE04EC0-301F-11D3-BF4B-00C04F79EFBC}") = "ContentTypeHttpModule", "ContentTypeHttpModule.csproj", "{0C40E6A2-62FF-4CA1-98A8-83241F410C6A}"
EndProject
Global
	GlobalSection(SolutionConfigurationPlatforms) = preSolution
		Debug|Any CPU = Debug|Any CPU
		Release|Any CPU = Release|Any CPU
	EndGlobalSection
	GlobalSection(ProjectConfigurationPlatforms) = postSolution
		{0C40E6A2-62FF-4CA1-98A8-83241F410C6A}.Debug|Any CPU.ActiveCfg = Debug|Any CPU
		{0C40E6A2-62FF-4CA1-98A8-83241F410C6A}.Debug|Any CPU.Build.0 = Debug|Any CPU
		{0C40E6A2-62FF-4CA1-98A8-83241F410C6A}.Release|Any CPU.ActiveCfg = Release|Any CPU
		{0C40E6A2-62FF-4CA1-98A8-83241F410C6A}.Release|Any CPU.Build.0 = Release|Any CPU
	EndGlobalSection
	GlobalSection(SolutionProperties) = preSolution
		HideSolutionNode = FALSE
	EndGlobalSection
EndGlobal
